
Microsoft Visual Studio Solution File, Format Version 12.00
# Visual Studio Version 17
VisualStudioVersion = 17.6.33829.357
MinimumVisualStudioVersion = 10.0.40219.1
Project("{FAE04EC0-301F-11D3-BF4B-00C04F79EFBC}") = "Converter", "Converter.csproj", "{2C22DBF8-9FA3-4F82-93A0-41A3BBD54773}"
EndProject
Global
	GlobalSection(SolutionConfigurationPlatforms) = preSolution
		Debug|Any CPU = Debug|Any CPU
		Release|Any CPU = Release|Any CPU
	EndGlobalSection
	GlobalSection(ProjectConfigurationPlatforms) = postSolution
		{2C22DBF8-9FA3-4F82-93A0-41A3BBD54773}.Debug|Any CPU.ActiveCfg = Debug|Any CPU
		{2C22DBF8-9FA3-4F82-93A0-41A3BBD54773}.Debug|Any CPU.Build.0 = Debug|Any CPU
		{2C22DBF8-9FA3-4F82-93A0-41A3BBD54773}.Release|Any CPU.ActiveCfg = Release|Any CPU
		{2C22DBF8-9FA3-4F82-93A0-41A3BBD54773}.Release|Any CPU.Build.0 = Release|Any CPU
	EndGlobalSection
	GlobalSection(SolutionProperties) = preSolution
		HideSolutionNode = FALSE
	EndGlobalSection
	GlobalSection(ExtensibilityGlobals) = postSolution
		SolutionGuid = {EA22E3C3-8C26-4EDE-B709-5F312372B8F9}
	EndGlobalSection
EndGlobal
